{
  "originHash" : "95fa923c006a8978eb3dba14776a0be419e7e272fe22533713b7b4b02b2a9e2a",
  "pins" : [
    {
      "identity" : "flux",
      "kind" : "remoteSourceControl",
      "location" : "https://github.com/resoul/flux.git",
      "state" : {
        "revision" : "e99f664b53d1e667a7c107cf388c6db7b9a78477",
        "version" : "1.2.1"
      }
    }
  ],
  "version" : 3
}
